// !$*UTF8*$!
{
	archiveVersion = 1;
	classes = {
	};
	objectVersion = 50;
	objects = {

/* Begin PBXBuildFile section */
		6E07F4F5233A693F00AC4011 /* AppDelegate.swift in Sources */ = {isa = PBXBuildFile; fileRef = 6E07F4F4233A693F00AC4011 /* AppDelegate.swift */; };
		6E07F4F7233A693F00AC4011 /* SceneDelegate.swift in Sources */ = {isa = PBXBuildFile; fileRef = 6E07F4F6233A693F00AC4011 /* SceneDelegate.swift */; };
		6E07F4F9233A693F00AC4011 /* ViewController.swift in Sources */ = {isa = PBXBuildFile; fileRef = 6E07F4F8233A693F00AC4011 /* ViewController.swift */; };
		6E07F4FE233A694000AC4011 /* Assets.xcassets in Resources */ = {isa = PBXBuildFile; fileRef = 6E07F4FD233A694000AC4011 /* Assets.xcassets */; };
		6E07F501233A694000AC4011 /* LaunchScreen.storyboard in Resources */ = {isa = PBXBuildFile; fileRef = 6E07F4FF233A694000AC4011 /* LaunchScreen.storyboard */; };
		6E07F50C233A694000AC4011 /* HackUPC_2019Tests.swift in Sources */ = {isa = PBXBuildFile; fileRef = 6E07F50B233A694000AC4011 /* HackUPC_2019Tests.swift */; };
		6E07F517233A694100AC4011 /* HackUPC_2019UITests.swift in Sources */ = {isa = PBXBuildFile; fileRef = 6E07F516233A694100AC4011 /* HackUPC_2019UITests.swift */; };
		6E07F525233A6A9400AC4011 /* spain.png in Resources */ = {isa = PBXBuildFile; fileRef = 6E07F524233A6A9400AC4011 /* spain.png */; };
		6E07F527233A6A9C00AC4011 /* japan.png in Resources */ = {isa = PBXBuildFile; fileRef = 6E07F526233A6A9C00AC4011 /* japan.png */; };
		6E07F529233A771A00AC4011 /* PreSettingsViewController.swift in Sources */ = {isa = PBXBuildFile; fileRef = 6E07F528233A771A00AC4011 /* PreSettingsViewController.swift */; };
		6E161BA32347964E0069D651 /* LearnViewController.swift in Sources */ = {isa = PBXBuildFile; fileRef = 6E161BA22347964E0069D651 /* LearnViewController.swift */; };
		6E23D0AF234A561500A7B15A /* Kanjis.swift in Sources */ = {isa = PBXBuildFile; fileRef = 6E23D0AE234A561500A7B15A /* Kanjis.swift */; };
		6E2C1B5E233E51E900269B85 /* MainViewController.swift in Sources */ = {isa = PBXBuildFile; fileRef = 6E2C1B5D233E51E900269B85 /* MainViewController.swift */; };
		6E2C1B60233E6CDA00269B85 /* Diccionario.swift in Sources */ = {isa = PBXBuildFile; fileRef = 6E2C1B5F233E6CDA00269B85 /* Diccionario.swift */; };
		6E2C1B62233E6E0A00269B85 /* Silaba.swift in Sources */ = {isa = PBXBuildFile; fileRef = 6E2C1B61233E6E0A00269B85 /* Silaba.swift */; };
		6E2C1B64233E701200269B85 /* Katakana.swift in Sources */ = {isa = PBXBuildFile; fileRef = 6E2C1B63233E701200269B85 /* Katakana.swift */; };
		6E2C1B66233E701E00269B85 /* Hiragana.swift in Sources */ = {isa = PBXBuildFile; fileRef = 6E2C1B65233E701E00269B85 /* Hiragana.swift */; };
		6E36738F2352197400495FF5 /* Main.storyboard in Resources */ = {isa = PBXBuildFile; fileRef = 6E36738E2352197400495FF5 /* Main.storyboard */; };
		6E7B21EF234A24340077B54C /* SettingsViewController.swift in Sources */ = {isa = PBXBuildFile; fileRef = 6E7B21EE234A24340077B54C /* SettingsViewController.swift */; };
		6E7B21F3234A2E790077B54C /* Spanish.swift in Sources */ = {isa = PBXBuildFile; fileRef = 6E7B21F2234A2E790077B54C /* Spanish.swift */; };
		6E862F2B2347A4BF00693F38 /* TranslatorViewController.swift in Sources */ = {isa = PBXBuildFile; fileRef = 6E862F2A2347A4BF00693F38 /* TranslatorViewController.swift */; };
		6EB5EAB7233FF31C00E6B01D /* SilabarioViewController.swift in Sources */ = {isa = PBXBuildFile; fileRef = 6EB5EAB6233FF31C00E6B01D /* SilabarioViewController.swift */; };
/* End PBXBuildFile section */

/* Begin PBXContainerItemProxy section */
		6E07F508233A694000AC4011 /* PBXContainerItemProxy */ = {
			isa = PBXContainerItemProxy;
			containerPortal = 6E07F4E9233A693F00AC4011 /* Project object */;
			proxyType = 1;
			remoteGlobalIDString = 6E07F4F0233A693F00AC4011;
			remoteInfo = "HackUPC 2019";
		};
		6E07F513233A694100AC4011 /* PBXContainerItemProxy */ = {
			isa = PBXContainerItemProxy;
			containerPortal = 6E07F4E9233A693F00AC4011 /* Project object */;
			proxyType = 1;
			remoteGlobalIDString = 6E07F4F0233A693F00AC4011;
			remoteInfo = "HackUPC 2019";
		};
/* End PBXContainerItemProxy section */

/* Begin PBXFileReference section */
		6E07F4F1233A693F00AC4011 /* HackUPC 2019.app */ = {isa = PBXFileReference; explicitFileType = wrapper.application; includeInIndex = 0; path = "HackUPC 2019.app"; sourceTree = BUILT_PRODUCTS_DIR; };
		6E07F4F4233A693F00AC4011 /* AppDelegate.swift */ = {isa = PBXFileReference; lastKnownFileType = sourcecode.swift; path = AppDelegate.swift; sourceTree = "<group>"; };
		6E07F4F6233A693F00AC4011 /* SceneDelegate.swift */ = {isa = PBXFileReference; lastKnownFileType = sourcecode.swift; path = SceneDelegate.swift; sourceTree = "<group>"; };
		6E07F4F8233A693F00AC4011 /* ViewController.swift */ = {isa = PBXFileReference; lastKnownFileType = sourcecode.swift; path = ViewController.swift; sourceTree = "<group>"; };
		6E07F4FD233A694000AC4011 /* Assets.xcassets */ = {isa = PBXFileReference; lastKnownFileType = folder.assetcatalog; path = Assets.xcassets; sourceTree = "<group>"; };
		6E07F500233A694000AC4011 /* Base */ = {isa = PBXFileReference; lastKnownFileType = file.storyboard; name = Base; path = Base.lproj/LaunchScreen.storyboard; sourceTree = "<group>"; };
		6E07F502233A694000AC4011 /* Info.plist */ = {isa = PBXFileReference; lastKnownFileType = text.plist.xml; path = Info.plist; sourceTree = "<group>"; };
		6E07F507233A694000AC4011 /* HackUPC 2019Tests.xctest */ = {isa = PBXFileReference; explicitFileType = wrapper.cfbundle; includeInIndex = 0; path = "HackUPC 2019Tests.xctest"; sourceTree = BUILT_PRODUCTS_DIR; };
		6E07F50B233A694000AC4011 /* HackUPC_2019Tests.swift */ = {isa = PBXFileReference; lastKnownFileType = sourcecode.swift; path = HackUPC_2019Tests.swift; sourceTree = "<group>"; };
		6E07F50D233A694000AC4011 /* Info.plist */ = {isa = PBXFileReference; lastKnownFileType = text.plist.xml; path = Info.plist; sourceTree = "<group>"; };
		6E07F512233A694100AC4011 /* HackUPC 2019UITests.xctest */ = {isa = PBXFileReference; explicitFileType = wrapper.cfbundle; includeInIndex = 0; path = "HackUPC 2019UITests.xctest"; sourceTree = BUILT_PRODUCTS_DIR; };
		6E07F516233A694100AC4011 /* HackUPC_2019UITests.swift */ = {isa = PBXFileReference; lastKnownFileType = sourcecode.swift; path = HackUPC_2019UITests.swift; sourceTree = "<group>"; };
		6E07F518233A694100AC4011 /* Info.plist */ = {isa = PBXFileReference; lastKnownFileType = text.plist.xml; path = Info.plist; sourceTree = "<group>"; };
		6E07F524233A6A9400AC4011 /* spain.png */ = {isa = PBXFileReference; lastKnownFileType = image.png; path = spain.png; sourceTree = "<group>"; };
		6E07F526233A6A9C00AC4011 /* japan.png */ = {isa = PBXFileReference; lastKnownFileType = image.png; path = japan.png; sourceTree = "<group>"; };
		6E07F528233A771A00AC4011 /* PreSettingsViewController.swift */ = {isa = PBXFileReference; lastKnownFileType = sourcecode.swift; path = PreSettingsViewController.swift; sourceTree = "<group>"; };
		6E161BA22347964E0069D651 /* LearnViewController.swift */ = {isa = PBXFileReference; lastKnownFileType = sourcecode.swift; path = LearnViewController.swift; sourceTree = "<group>"; };
		6E23D0AE234A561500A7B15A /* Kanjis.swift */ = {isa = PBXFileReference; lastKnownFileType = sourcecode.swift; path = Kanjis.swift; sourceTree = "<group>"; };
		6E2C1B5D233E51E900269B85 /* MainViewController.swift */ = {isa = PBXFileReference; lastKnownFileType = sourcecode.swift; path = MainViewController.swift; sourceTree = "<group>"; };
		6E2C1B5F233E6CDA00269B85 /* Diccionario.swift */ = {isa = PBXFileReference; lastKnownFileType = sourcecode.swift; path = Diccionario.swift; sourceTree = "<group>"; };
		6E2C1B61233E6E0A00269B85 /* Silaba.swift */ = {isa = PBXFileReference; lastKnownFileType = sourcecode.swift; path = Silaba.swift; sourceTree = "<group>"; };
		6E2C1B63233E701200269B85 /* Katakana.swift */ = {isa = PBXFileReference; lastKnownFileType = sourcecode.swift; path = Katakana.swift; sourceTree = "<group>"; };
		6E2C1B65233E701E00269B85 /* Hiragana.swift */ = {isa = PBXFileReference; lastKnownFileType = sourcecode.swift; path = Hiragana.swift; sourceTree = "<group>"; };
		6E36738E2352197400495FF5 /* Main.storyboard */ = {isa = PBXFileReference; fileEncoding = 4; lastKnownFileType = file.storyboard; path = Main.storyboard; sourceTree = "<group>"; };
		6E7B21EE234A24340077B54C /* SettingsViewController.swift */ = {isa = PBXFileReference; lastKnownFileType = sourcecode.swift; path = SettingsViewController.swift; sourceTree = "<group>"; };
		6E7B21F2234A2E790077B54C /* Spanish.swift */ = {isa = PBXFileReference; lastKnownFileType = sourcecode.swift; path = Spanish.swift; sourceTree = "<group>"; };
		6E862F2A2347A4BF00693F38 /* TranslatorViewController.swift */ = {isa = PBXFileReference; lastKnownFileType = sourcecode.swift; path = TranslatorViewController.swift; sourceTree = "<group>"; };
		6EB5EAB6233FF31C00E6B01D /* SilabarioViewController.swift */ = {isa = PBXFileReference; lastKnownFileType = sourcecode.swift; path = SilabarioViewController.swift; sourceTree = "<group>"; };
/* End PBXFileReference section */

/* Begin PBXFrameworksBuildPhase section */
		6E07F4EE233A693F00AC4011 /* Frameworks */ = {
			isa = PBXFrameworksBuildPhase;
			buildActionMask = 2147483647;
			files = (
			);
			runOnlyForDeploymentPostprocessing = 0;
		};
		6E07F504233A694000AC4011 /* Frameworks */ = {
			isa = PBXFrameworksBuildPhase;
			buildActionMask = 2147483647;
			files = (
			);
			runOnlyForDeploymentPostprocessing = 0;
		};
		6E07F50F233A694100AC4011 /* Frameworks */ = {
			isa = PBXFrameworksBuildPhase;
			buildActionMask = 2147483647;
			files = (
			);
			runOnlyForDeploymentPostprocessing = 0;
		};
/* End PBXFrameworksBuildPhase section */

/* Begin PBXGroup section */
		6E07F4E8233A693F00AC4011 = {
			isa = PBXGroup;
			children = (
				6E07F4F3233A693F00AC4011 /* HackUPC 2019 */,
				6E07F50A233A694000AC4011 /* HackUPC 2019Tests */,
				6E07F515233A694100AC4011 /* HackUPC 2019UITests */,
				6E07F4F2233A693F00AC4011 /* Products */,
			);
			sourceTree = "<group>";
		};
		6E07F4F2233A693F00AC4011 /* Products */ = {
			isa = PBXGroup;
			children = (
				6E07F4F1233A693F00AC4011 /* HackUPC 2019.app */,
				6E07F507233A694000AC4011 /* HackUPC 2019Tests.xctest */,
				6E07F512233A694100AC4011 /* HackUPC 2019UITests.xctest */,
			);
			name = Products;
			sourceTree = "<group>";
		};
		6E07F4F3233A693F00AC4011 /* HackUPC 2019 */ = {
			isa = PBXGroup;
			children = (
				6E7B21F2234A2E790077B54C /* Spanish.swift */,
				6E07F524233A6A9400AC4011 /* spain.png */,
				6E07F4F4233A693F00AC4011 /* AppDelegate.swift */,
				6E07F4F6233A693F00AC4011 /* SceneDelegate.swift */,
				6E36738E2352197400495FF5 /* Main.storyboard */,
				6E07F526233A6A9C00AC4011 /* japan.png */,
				6E07F4F8233A693F00AC4011 /* ViewController.swift */,
				6E7B21EE234A24340077B54C /* SettingsViewController.swift */,
				6E862F2A2347A4BF00693F38 /* TranslatorViewController.swift */,
				6EB5EAB6233FF31C00E6B01D /* SilabarioViewController.swift */,
				6E2C1B5F233E6CDA00269B85 /* Diccionario.swift */,
				6E2C1B63233E701200269B85 /* Katakana.swift */,
				6E2C1B65233E701E00269B85 /* Hiragana.swift */,
				6E2C1B61233E6E0A00269B85 /* Silaba.swift */,
				6E2C1B5D233E51E900269B85 /* MainViewController.swift */,
				6E07F4FD233A694000AC4011 /* Assets.xcassets */,
				6E07F4FF233A694000AC4011 /* LaunchScreen.storyboard */,
				6E07F502233A694000AC4011 /* Info.plist */,
				6E07F528233A771A00AC4011 /* PreSettingsViewController.swift */,
				6E161BA22347964E0069D651 /* LearnViewController.swift */,
				6E23D0AE234A561500A7B15A /* Kanjis.swift */,
			);
			path = "HackUPC 2019";
			sourceTree = "<group>";
		};
		6E07F50A233A694000AC4011 /* HackUPC 2019Tests */ = {
			isa = PBXGroup;
			children = (
				6E07F50B233A694000AC4011 /* HackUPC_2019Tests.swift */,
				6E07F50D233A694000AC4011 /* Info.plist */,
			);
			path = "HackUPC 2019Tests";
			sourceTree = "<group>";
		};
		6E07F515233A694100AC4011 /* HackUPC 2019UITests */ = {
			isa = PBXGroup;
			children = (
				6E07F516233A694100AC4011 /* HackUPC_2019UITests.swift */,
				6E07F518233A694100AC4011 /* Info.plist */,
			);
			path = "HackUPC 2019UITests";
			sourceTree = "<group>";
		};
/* End PBXGroup section */

/* Begin PBXNativeTarget section */
		6E07F4F0233A693F00AC4011 /* HackUPC 2019 */ = {
			isa = PBXNativeTarget;
			buildConfigurationList = 6E07F51B233A694100AC4011 /* Build configuration list for PBXNativeTarget "HackUPC 2019" */;
			buildPhases = (
				6E07F4ED233A693F00AC4011 /* Sources */,
				6E07F4EE233A693F00AC4011 /* Frameworks */,
				6E07F4EF233A693F00AC4011 /* Resources */,
			);
			buildRules = (
			);
			dependencies = (
			);
			name = "HackUPC 2019";
			productName = "HackUPC 2019";
			productReference = 6E07F4F1233A693F00AC4011 /* HackUPC 2019.app */;
			productType = "com.apple.product-type.application";
		};
		6E07F506233A694000AC4011 /* HackUPC 2019Tests */ = {
			isa = PBXNativeTarget;
			buildConfigurationList = 6E07F51E233A694100AC4011 /* Build configuration list for PBXNativeTarget "HackUPC 2019Tests" */;
			buildPhases = (
				6E07F503233A694000AC4011 /* Sources */,
				6E07F504233A694000AC4011 /* Frameworks */,
				6E07F505233A694000AC4011 /* Resources */,
			);
			buildRules = (
			);
			dependencies = (
				6E07F509233A694000AC4011 /* PBXTargetDependency */,
			);
			name = "HackUPC 2019Tests";
			productName = "HackUPC 2019Tests";
			productReference = 6E07F507233A694000AC4011 /* HackUPC 2019Tests.xctest */;
			productType = "com.apple.product-type.bundle.unit-test";
		};
		6E07F511233A694100AC4011 /* HackUPC 2019UITests */ = {
			isa = PBXNativeTarget;
			buildConfigurationList = 6E07F521233A694100AC4011 /* Build configuration list for PBXNativeTarget "HackUPC 2019UITests" */;
			buildPhases = (
				6E07F50E233A694100AC4011 /* Sources */,
				6E07F50F233A694100AC4011 /* Frameworks */,
				6E07F510233A694100AC4011 /* Resources */,
			);
			buildRules = (
			);
			dependencies = (
				6E07F514233A694100AC4011 /* PBXTargetDependency */,
			);
			name = "HackUPC 2019UITests";
			productName = "HackUPC 2019UITests";
			productReference = 6E07F512233A694100AC4011 /* HackUPC 2019UITests.xctest */;
			productType = "com.apple.product-type.bundle.ui-testing";
		};
/* End PBXNativeTarget section */

/* Begin PBXProject section */
		6E07F4E9233A693F00AC4011 /* Project object */ = {
			isa = PBXProject;
			attributes = {
				LastSwiftUpdateCheck = 1100;
				LastUpgradeCheck = 1100;
				ORGANIZATIONNAME = "Pablo Mateos García";
				TargetAttributes = {
					6E07F4F0233A693F00AC4011 = {
						CreatedOnToolsVersion = 11.0;
					};
					6E07F506233A694000AC4011 = {
						CreatedOnToolsVersion = 11.0;
						TestTargetID = 6E07F4F0233A693F00AC4011;
					};
					6E07F511233A694100AC4011 = {
						CreatedOnToolsVersion = 11.0;
						TestTargetID = 6E07F4F0233A693F00AC4011;
					};
				};
			};
			buildConfigurationList = 6E07F4EC233A693F00AC4011 /* Build configuration list for PBXProject "HackUPC 2019" */;
			compatibilityVersion = "Xcode 9.3";
			developmentRegion = en;
			hasScannedForEncodings = 0;
			knownRegions = (
				en,
				Base,
			);
			mainGroup = 6E07F4E8233A693F00AC4011;
			productRefGroup = 6E07F4F2233A693F00AC4011 /* Products */;
			projectDirPath = "";
			projectRoot = "";
			targets = (
				6E07F4F0233A693F00AC4011 /* HackUPC 2019 */,
				6E07F506233A694000AC4011 /* HackUPC 2019Tests */,
				6E07F511233A694100AC4011 /* HackUPC 2019UITests */,
			);
		};
/* End PBXProject section */

/* Begin PBXResourcesBuildPhase section */
		6E07F4EF233A693F00AC4011 /* Resources */ = {
			isa = PBXResourcesBuildPhase;
			buildActionMask = 2147483647;
			files = (
				6E07F501233A694000AC4011 /* LaunchScreen.storyboard in Resources */,
				6E07F4FE233A694000AC4011 /* Assets.xcassets in Resources */,
				6E36738F2352197400495FF5 /* Main.storyboard in Resources */,
				6E07F527233A6A9C00AC4011 /* japan.png in Resources */,
				6E07F525233A6A9400AC4011 /* spain.png in Resources */,
			);
			runOnlyForDeploymentPostprocessing = 0;
		};
		6E07F505233A694000AC4011 /* Resources */ = {
			isa = PBXResourcesBuildPhase;
			buildActionMask = 2147483647;
			files = (
			);
			runOnlyForDeploymentPostprocessing = 0;
		};
		6E07F510233A694100AC4011 /* Resources */ = {
			isa = PBXResourcesBuildPhase;
			buildActionMask = 2147483647;
			files = (
			);
			runOnlyForDeploymentPostprocessing = 0;
		};
/* End PBXResourcesBuildPhase section */

/* Begin PBXSourcesBuildPhase section */
		6E07F4ED233A693F00AC4011 /* Sources */ = {
			isa = PBXSourcesBuildPhase;
			buildActionMask = 2147483647;
			files = (
				6E7B21F3234A2E790077B54C /* Spanish.swift in Sources */,
				6E2C1B60233E6CDA00269B85 /* Diccionario.swift in Sources */,
				6EB5EAB7233FF31C00E6B01D /* SilabarioViewController.swift in Sources */,
				6E862F2B2347A4BF00693F38 /* TranslatorViewController.swift in Sources */,
				6E07F4F9233A693F00AC4011 /* ViewController.swift in Sources */,
				6E07F529233A771A00AC4011 /* PreSettingsViewController.swift in Sources */,
				6E2C1B62233E6E0A00269B85 /* Silaba.swift in Sources */,
				6E23D0AF234A561500A7B15A /* Kanjis.swift in Sources */,
				6E07F4F5233A693F00AC4011 /* AppDelegate.swift in Sources */,
				6E161BA32347964E0069D651 /* LearnViewController.swift in Sources */,
				6E2C1B5E233E51E900269B85 /* MainViewController.swift in Sources */,
				6E07F4F7233A693F00AC4011 /* SceneDelegate.swift in Sources */,
				6E7B21EF234A24340077B54C /* SettingsViewController.swift in Sources */,
				6E2C1B66233E701E00269B85 /* Hiragana.swift in Sources */,
				6E2C1B64233E701200269B85 /* Katakana.swift in Sources */,
			);
			runOnlyForDeploymentPostprocessing = 0;
		};
		6E07F503233A694000AC4011 /* Sources */ = {
			isa = PBXSourcesBuildPhase;
			buildActionMask = 2147483647;
			files = (
				6E07F50C233A694000AC4011 /* HackUPC_2019Tests.swift in Sources */,
			);
			runOnlyForDeploymentPostprocessing = 0;
		};
		6E07F50E233A694100AC4011 /* Sources */ = {
			isa = PBXSourcesBuildPhase;
			buildActionMask = 2147483647;
			files = (
				6E07F517233A694100AC4011 /* HackUPC_2019UITests.swift in Sources */,
			);
			runOnlyForDeploymentPostprocessing = 0;
		};
/* End PBXSourcesBuildPhase section */

/* Begin PBXTargetDependency section */
		6E07F509233A694000AC4011 /* PBXTargetDependency */ = {
			isa = PBXTargetDependency;
			target = 6E07F4F0233A693F00AC4011 /* HackUPC 2019 */;
			targetProxy = 6E07F508233A694000AC4011 /* PBXContainerItemProxy */;
		};
		6E07F514233A694100AC4011 /* PBXTargetDependency */ = {
			isa = PBXTargetDependency;
			target = 6E07F4F0233A693F00AC4011 /* HackUPC 2019 */;
			targetProxy = 6E07F513233A694100AC4011 /* PBXContainerItemProxy */;
		};
/* End PBXTargetDependency section */

/* Begin PBXVariantGroup section */
		6E07F4FF233A694000AC4011 /* LaunchScreen.storyboard */ = {
			isa = PBXVariantGroup;
			children = (
				6E07F500233A694000AC4011 /* Base */,
			);
			name = LaunchScreen.storyboard;
			sourceTree = "<group>";
		};
/* End PBXVariantGroup section */

/* Begin XCBuildConfiguration section */
		6E07F519233A694100AC4011 /* Debug */ = {
			isa = XCBuildConfiguration;
			buildSettings = {
				ALWAYS_SEARCH_USER_PATHS = NO;
				CLANG_ANALYZER_NONNULL = YES;
				CLANG_ANALYZER_NUMBER_OBJECT_CONVERSION = YES_AGGRESSIVE;
				CLANG_CXX_LANGUAGE_STANDARD = "gnu++14";
				CLANG_CXX_LIBRARY = "libc++";
				CLANG_ENABLE_MODULES = YES;
				CLANG_ENABLE_OBJC_ARC = YES;
				CLANG_ENABLE_OBJC_WEAK = YES;
				CLANG_WARN_BLOCK_CAPTURE_AUTORELEASING = YES;
				CLANG_WARN_BOOL_CONVERSION = YES;
				CLANG_WARN_COMMA = YES;
				CLANG_WARN_CONSTANT_CONVERSION = YES;
				CLANG_WARN_DEPRECATED_OBJC_IMPLEMENTATIONS = YES;
				CLANG_WARN_DIRECT_OBJC_ISA_USAGE = YES_ERROR;
				CLANG_WARN_DOCUMENTATION_COMMENTS = YES;
				CLANG_WARN_EMPTY_BODY = YES;
				CLANG_WARN_ENUM_CONVERSION = YES;
				CLANG_WARN_INFINITE_RECURSION = YES;
				CLANG_WARN_INT_CONVERSION = YES;
				CLANG_WARN_NON_LITERAL_NULL_CONVERSION = YES;
				CLANG_WARN_OBJC_IMPLICIT_RETAIN_SELF = YES;
				CLANG_WARN_OBJC_LITERAL_CONVERSION = YES;
				CLANG_WARN_OBJC_ROOT_CLASS = YES_ERROR;
				CLANG_WARN_RANGE_LOOP_ANALYSIS = YES;
				CLANG_WARN_STRICT_PROTOTYPES = YES;
				CLANG_WARN_SUSPICIOUS_MOVE = YES;
				CLANG_WARN_UNGUARDED_AVAILABILITY = YES_AGGRESSIVE;
				CLANG_WARN_UNREACHABLE_CODE = YES;
				CLANG_WARN__DUPLICATE_METHOD_MATCH = YES;
				COPY_PHASE_STRIP = NO;
				DEBUG_INFORMATION_FORMAT = dwarf;
				ENABLE_STRICT_OBJC_MSGSEND = YES;
				ENABLE_TESTABILITY = YES;
				GCC_C_LANGUAGE_STANDARD = gnu11;
				GCC_DYNAMIC_NO_PIC = NO;
				GCC_NO_COMMON_BLOCKS = YES;
				GCC_OPTIMIZATION_LEVEL = 0;
				GCC_PREPROCESSOR_DEFINITIONS = (
					"DEBUG=1",
					"$(inherited)",
				);
				GCC_WARN_64_TO_32_BIT_CONVERSION = YES;
				GCC_WARN_ABOUT_RETURN_TYPE = YES_ERROR;
				GCC_WARN_UNDECLARED_SELECTOR = YES;
				GCC_WARN_UNINITIALIZED_AUTOS = YES_AGGRESSIVE;
				GCC_WARN_UNUSED_FUNCTION = YES;
				GCC_WARN_UNUSED_VARIABLE = YES;
				IPHONEOS_DEPLOYMENT_TARGET = 13.0;
				MTL_ENABLE_DEBUG_INFO = INCLUDE_SOURCE;
				MTL_FAST_MATH = YES;
				ONLY_ACTIVE_ARCH = YES;
				SDKROOT = iphoneos;
				SWIFT_ACTIVE_COMPILATION_CONDITIONS = DEBUG;
				SWIFT_OPTIMIZATION_LEVEL = "-Onone";
			};
			name = Debug;
		};
		6E07F51A233A694100AC4011 /* Release */ = {
			isa = XCBuildConfiguration;
			buildSettings = {
				ALWAYS_SEARCH_USER_PATHS = NO;
				CLANG_ANALYZER_NONNULL = YES;
				CLANG_ANALYZER_NUMBER_OBJECT_CONVERSION = YES_AGGRESSIVE;
				CLANG_CXX_LANGUAGE_STANDARD = "gnu++14";
				CLANG_CXX_LIBRARY = "libc++";
				CLANG_ENABLE_MODULES = YES;
				CLANG_ENABLE_OBJC_ARC = YES;
				CLANG_ENABLE_OBJC_WEAK = YES;
				CLANG_WARN_BLOCK_CAPTURE_AUTORELEASING = YES;
				CLANG_WARN_BOOL_CONVERSION = YES;
				CLANG_WARN_COMMA = YES;
				CLANG_WARN_CONSTANT_CONVERSION = YES;
				CLANG_WARN_DEPRECATED_OBJC_IMPLEMENTATIONS = YES;
				CLANG_WARN_DIRECT_OBJC_ISA_USAGE = YES_ERROR;
				CLANG_WARN_DOCUMENTATION_COMMENTS = YES;
				CLANG_WARN_EMPTY_BODY = YES;
				CLANG_WARN_ENUM_CONVERSION = YES;
				CLANG_WARN_INFINITE_RECURSION = YES;
				CLANG_WARN_INT_CONVERSION = YES;
				CLANG_WARN_NON_LITERAL_NULL_CONVERSION = YES;
				CLANG_WARN_OBJC_IMPLICIT_RETAIN_SELF = YES;
				CLANG_WARN_OBJC_LITERAL_CONVERSION = YES;
				CLANG_WARN_OBJC_ROOT_CLASS = YES_ERROR;
				CLANG_WARN_RANGE_LOOP_ANALYSIS = YES;
				CLANG_WARN_STRICT_PROTOTYPES = YES;
				CLANG_WARN_SUSPICIOUS_MOVE = YES;
				CLANG_WARN_UNGUARDED_AVAILABILITY = YES_AGGRESSIVE;
				CLANG_WARN_UNREACHABLE_CODE = YES;
				CLANG_WARN__DUPLICATE_METHOD_MATCH = YES;
				COPY_PHASE_STRIP = NO;
				DEBUG_INFORMATION_FORMAT = "dwarf-with-dsym";
				ENABLE_NS_ASSERTIONS = NO;
				ENABLE_STRICT_OBJC_MSGSEND = YES;
				GCC_C_LANGUAGE_STANDARD = gnu11;
				GCC_NO_COMMON_BLOCKS = YES;
				GCC_WARN_64_TO_32_BIT_CONVERSION = YES;
				GCC_WARN_ABOUT_RETURN_TYPE = YES_ERROR;
				GCC_WARN_UNDECLARED_SELECTOR = YES;
				GCC_WARN_UNINITIALIZED_AUTOS = YES_AGGRESSIVE;
				GCC_WARN_UNUSED_FUNCTION = YES;
				GCC_WARN_UNUSED_VARIABLE = YES;
				IPHONEOS_DEPLOYMENT_TARGET = 13.0;
				MTL_ENABLE_DEBUG_INFO = NO;
				MTL_FAST_MATH = YES;
				SDKROOT = iphoneos;
				SWIFT_COMPILATION_MODE = wholemodule;
				SWIFT_OPTIMIZATION_LEVEL = "-O";
				VALIDATE_PRODUCT = YES;
			};
			name = Release;
		};
		6E07F51C233A694100AC4011 /* Debug */ = {
			isa = XCBuildConfiguration;
			buildSettings = {
				ASSETCATALOG_COMPILER_APPICON_NAME = AppIcon;
				CODE_SIGN_STYLE = Automatic;
				DEVELOPMENT_TEAM = 399RDUKTLZ;
				INFOPLIST_FILE = "HackUPC 2019/Info.plist";
				IPHONEOS_DEPLOYMENT_TARGET = 13.0;
				LD_RUNPATH_SEARCH_PATHS = (
					"$(inherited)",
					"@executable_path/Frameworks",
				);
				PRODUCT_BUNDLE_IDENTIFIER = "com.pablo-mateos-garcia.HackUPC-2019";
				PRODUCT_NAME = "HackUPC 2019";
				SWIFT_VERSION = 5.0;
				TARGETED_DEVICE_FAMILY = "1,2";
			};
			name = Debug;
		};
		6E07F51D233A694100AC4011 /* Release */ = {
			isa = XCBuildConfiguration;
			buildSettings = {
				ASSETCATALOG_COMPILER_APPICON_NAME = AppIcon;
				CODE_SIGN_STYLE = Automatic;
				DEVELOPMENT_TEAM = 399RDUKTLZ;
				INFOPLIST_FILE = "HackUPC 2019/Info.plist";
				IPHONEOS_DEPLOYMENT_TARGET = 13.0;
				LD_RUNPATH_SEARCH_PATHS = (
					"$(inherited)",
					"@executable_path/Frameworks",
				);
				PRODUCT_BUNDLE_IDENTIFIER = "com.pablo-mateos-garcia.HackUPC-2019";
				PRODUCT_NAME = "HackUPC 2019";
				SWIFT_VERSION = 5.0;
				TARGETED_DEVICE_FAMILY = "1,2";
			};
			name = Release;
		};
		6E07F51F233A694100AC4011 /* Debug */ = {
			isa = XCBuildConfiguration;
			buildSettings = {
				ALWAYS_EMBED_SWIFT_STANDARD_LIBRARIES = YES;
				BUNDLE_LOADER = "$(TEST_HOST)";
				CODE_SIGN_STYLE = Automatic;
				DEVELOPMENT_TEAM = 399RDUKTLZ;
				INFOPLIST_FILE = "HackUPC 2019Tests/Info.plist";
				IPHONEOS_DEPLOYMENT_TARGET = 13.0;
				LD_RUNPATH_SEARCH_PATHS = (
					"$(inherited)",
					"@executable_path/Frameworks",
					"@loader_path/Frameworks",
				);
				PRODUCT_BUNDLE_IDENTIFIER = "com.pablo-mateos-garcia.HackUPC-2019Tests";
				PRODUCT_NAME = "$(TARGET_NAME)";
				SWIFT_VERSION = 5.0;
				TARGETED_DEVICE_FAMILY = "1,2";
				TEST_HOST = "$(BUILT_PRODUCTS_DIR)/HackUPC 2019.app/HackUPC 2019";
			};
			name = Debug;
		};
		6E07F520233A694100AC4011 /* Release */ = {
			isa = XCBuildConfiguration;
			buildSettings = {
				ALWAYS_EMBED_SWIFT_STANDARD_LIBRARIES = YES;
				BUNDLE_LOADER = "$(TEST_HOST)";
				CODE_SIGN_STYLE = Automatic;
				DEVELOPMENT_TEAM = 399RDUKTLZ;
				INFOPLIST_FILE = "HackUPC 2019Tests/Info.plist";
				IPHONEOS_DEPLOYMENT_TARGET = 13.0;
				LD_RUNPATH_SEARCH_PATHS = (
					"$(inherited)",
					"@executable_path/Frameworks",
					"@loader_path/Frameworks",
				);
				PRODUCT_BUNDLE_IDENTIFIER = "com.pablo-mateos-garcia.HackUPC-2019Tests";
				PRODUCT_NAME = "$(TARGET_NAME)";
				SWIFT_VERSION = 5.0;
				TARGETED_DEVICE_FAMILY = "1,2";
				TEST_HOST = "$(BUILT_PRODUCTS_DIR)/HackUPC 2019.app/HackUPC 2019";
			};
			name = Release;
		};
		6E07F522233A694100AC4011 /* Debug */ = {
			isa = XCBuildConfiguration;
			buildSettings = {
				ALWAYS_EMBED_SWIFT_STANDARD_LIBRARIES = YES;
				CODE_SIGN_STYLE = Automatic;
				DEVELOPMENT_TEAM = 399RDUKTLZ;
				INFOPLIST_FILE = "HackUPC 2019UITests/Info.plist";
				LD_RUNPATH_SEARCH_PATHS = (
					"$(inherited)",
					"@executable_path/Frameworks",
					"@loader_path/Frameworks",
				);
				PRODUCT_BUNDLE_IDENTIFIER = "com.pablo-mateos-garcia.HackUPC-2019UITests";
				PRODUCT_NAME = "$(TARGET_NAME)";
				SWIFT_VERSION = 5.0;
				TARGETED_DEVICE_FAMILY = "1,2";
				TEST_TARGET_NAME = "HackUPC 2019";
			};
			name = Debug;
		};
		6E07F523233A694100AC4011 /* Release */ = {
			isa = XCBuildConfiguration;
			buildSettings = {
				ALWAYS_EMBED_SWIFT_STANDARD_LIBRARIES = YES;
				CODE_SIGN_STYLE = Automatic;
				DEVELOPMENT_TEAM = 399RDUKTLZ;
				INFOPLIST_FILE = "HackUPC 2019UITests/Info.plist";
				LD_RUNPATH_SEARCH_PATHS = (
					"$(inherited)",
					"@executable_path/Frameworks",
					"@loader_path/Frameworks",
				);
				PRODUCT_BUNDLE_IDENTIFIER = "com.pablo-mateos-garcia.HackUPC-2019UITests";
				PRODUCT_NAME = "$(TARGET_NAME)";
				SWIFT_VERSION = 5.0;
				TARGETED_DEVICE_FAMILY = "1,2";
				TEST_TARGET_NAME = "HackUPC 2019";
			};
			name = Release;
		};
/* End XCBuildConfiguration section */

/* Begin XCConfigurationList section */
		6E07F4EC233A693F00AC4011 /* Build configuration list for PBXProject "HackUPC 2019" */ = {
			isa = XCConfigurationList;
			buildConfigurations = (
				6E07F519233A694100AC4011 /* Debug */,
				6E07F51A233A694100AC4011 /* Release */,
			);
			defaultConfigurationIsVisible = 0;
			defaultConfigurationName = Release;
		};
		6E07F51B233A694100AC4011 /* Build configuration list for PBXNativeTarget "HackUPC 2019" */ = {
			isa = XCConfigurationList;
			buildConfigurations = (
				6E07F51C233A694100AC4011 /* Debug */,
				6E07F51D233A694100AC4011 /* Release */,
			);
			defaultConfigurationIsVisible = 0;
			defaultConfigurationName = Release;
		};
		6E07F51E233A694100AC4011 /* Build configuration list for PBXNativeTarget "HackUPC 2019Tests" */ = {
			isa = XCConfigurationList;
			buildConfigurations = (
				6E07F51F233A694100AC4011 /* Debug */,
				6E07F520233A694100AC4011 /* Release */,
			);
			defaultConfigurationIsVisible = 0;
			defaultConfigurationName = Release;
		};
		6E07F521233A694100AC4011 /* Build configuration list for PBXNativeTarget "HackUPC 2019UITests" */ = {
			isa = XCConfigurationList;
			buildConfigurations = (
				6E07F522233A694100AC4011 /* Debug */,
				6E07F523233A694100AC4011 /* Release */,
			);
			defaultConfigurationIsVisible = 0;
			defaultConfigurationName = Release;
		};
/* End XCConfigurationList section */
	};
	rootObject = 6E07F4E9233A693F00AC4011 /* Project object */;
}
